
Microsoft Visual Studio Solution File, Format Version 12.00
# Visual Studio Version 17
VisualStudioVersion = 17.14.36401.2
MinimumVisualStudioVersion = 10.0.40219.1
Project("{FAE04EC0-301F-11D3-BF4B-00C04F79EFBC}") = "DtaAccess.BsnLogic", "DtaAccess.BsnLogic\DtaAccess.BsnLogic.csproj", "{5E1A0015-112B-4A05-8988-B37ECBC6721D}"
EndProject
Project("{FAE04EC0-301F-11D3-BF4B-00C04F79EFBC}") = "WebApp", "WebApp\WebApp.csproj", "{A504A5C5-B1F2-4AA2-9E41-43758DAF162A}"
EndProject
Global
	GlobalSection(SolutionConfigurationPlatforms) = preSolution
		Debug|Any CPU = Debug|Any CPU
		Release|Any CPU = Release|Any CPU
	EndGlobalSection
	GlobalSection(ProjectConfigurationPlatforms) = postSolution
		{5E1A0015-112B-4A05-8988-B37ECBC6721D}.Debug|Any CPU.ActiveCfg = Debug|Any CPU
		{5E1A0015-112B-4A05-8988-B37ECBC6721D}.Debug|Any CPU.Build.0 = Debug|Any CPU
		{5E1A0015-112B-4A05-8988-B37ECBC6721D}.Release|Any CPU.ActiveCfg = Release|Any CPU
		{5E1A0015-112B-4A05-8988-B37ECBC6721D}.Release|Any CPU.Build.0 = Release|Any CPU
		{A504A5C5-B1F2-4AA2-9E41-43758DAF162A}.Debug|Any CPU.ActiveCfg = Debug|Any CPU
		{A504A5C5-B1F2-4AA2-9E41-43758DAF162A}.Debug|Any CPU.Build.0 = Debug|Any CPU
		{A504A5C5-B1F2-4AA2-9E41-43758DAF162A}.Release|Any CPU.ActiveCfg = Release|Any CPU
		{A504A5C5-B1F2-4AA2-9E41-43758DAF162A}.Release|Any CPU.Build.0 = Release|Any CPU
	EndGlobalSection
	GlobalSection(SolutionProperties) = preSolution
		HideSolutionNode = FALSE
	EndGlobalSection
	GlobalSection(ExtensibilityGlobals) = postSolution
		SolutionGuid = {D55D32F6-F3F0-4B45-8605-CC69DC05E337}
	EndGlobalSection
EndGlobal
